
Microsoft Visual Studio Solution File, Format Version 12.00
# Visual Studio Version 17
VisualStudioVersion = 17.11.35327.3
MinimumVisualStudioVersion = 10.0.40219.1
Project("{FAE04EC0-301F-11D3-BF4B-00C04F79EFBC}") = "AIRQUALITY", "AIRQUALITY\AIRQUALITY.csproj", "{CDCCB290-2544-4089-B607-8CF6DDB2AE2A}"
EndProject
Global
	GlobalSection(SolutionConfigurationPlatforms) = preSolution
		Debug|Any CPU = Debug|Any CPU
		Release|Any CPU = Release|Any CPU
	EndGlobalSection
	GlobalSection(ProjectConfigurationPlatforms) = postSolution
		{CDCCB290-2544-4089-B607-8CF6DDB2AE2A}.Debug|Any CPU.ActiveCfg = Debug|Any CPU
		{CDCCB290-2544-4089-B607-8CF6DDB2AE2A}.Debug|Any CPU.Build.0 = Debug|Any CPU
		{CDCCB290-2544-4089-B607-8CF6DDB2AE2A}.Release|Any CPU.ActiveCfg = Release|Any CPU
		{CDCCB290-2544-4089-B607-8CF6DDB2AE2A}.Release|Any CPU.Build.0 = Release|Any CPU
	EndGlobalSection
	GlobalSection(SolutionProperties) = preSolution
		HideSolutionNode = FALSE
	EndGlobalSection
	GlobalSection(ExtensibilityGlobals) = postSolution
		SolutionGuid = {FF99CD16-28FB-4AC7-8A27-FA7273FA8A94}
	EndGlobalSection
EndGlobal
